
Microsoft Visual Studio Solution File, Format Version 12.00
# Visual Studio Version 16
VisualStudioVersion = 16.0.31702.278
MinimumVisualStudioVersion = 10.0.40219.1
Project("{FAE04EC0-301F-11D3-BF4B-00C04F79EFBC}") = "GesichtsBuch", "GesichtsBuch\GesichtsBuch.csproj", "{C77BDE1B-71EE-495C-9170-6B7D09F41590}"
EndProject
Global
	GlobalSection(SolutionConfigurationPlatforms) = preSolution
		Debug|Any CPU = Debug|Any CPU
		Release|Any CPU = Release|Any CPU
	EndGlobalSection
	GlobalSection(ProjectConfigurationPlatforms) = postSolution
		{C77BDE1B-71EE-495C-9170-6B7D09F41590}.Debug|Any CPU.ActiveCfg = Debug|Any CPU
		{C77BDE1B-71EE-495C-9170-6B7D09F41590}.Debug|Any CPU.Build.0 = Debug|Any CPU
		{C77BDE1B-71EE-495C-9170-6B7D09F41590}.Release|Any CPU.ActiveCfg = Release|Any CPU
		{C77BDE1B-71EE-495C-9170-6B7D09F41590}.Release|Any CPU.Build.0 = Release|Any CPU
	EndGlobalSection
	GlobalSection(SolutionProperties) = preSolution
		HideSolutionNode = FALSE
	EndGlobalSection
	GlobalSection(ExtensibilityGlobals) = postSolution
		SolutionGuid = {D9ED104F-D427-4988-9D7E-E7B0A23B7FA8}
	EndGlobalSection
EndGlobal
